
Microsoft Visual Studio Solution File, Format Version 12.00
# Visual Studio Version 16
VisualStudioVersion = 16.0.30011.22
MinimumVisualStudioVersion = 10.0.40219.1
Project("{9A19103F-16F7-4668-BE54-9A1E7A4F7556}") = "WPFUI", "WPFUI\WPFUI.csproj", "{2B6C853A-45C8-499C-A658-C38EBCA0494B}"
EndProject
Project("{9A19103F-16F7-4668-BE54-9A1E7A4F7556}") = "Engine", "Engine\Engine.csproj", "{01B1B92C-7313-4CF5-9761-E4A7F09C1245}"
EndProject
Project("{9A19103F-16F7-4668-BE54-9A1E7A4F7556}") = "TestEngine", "TestEngine\TestEngine.csproj", "{2B8D4917-D36A-4EB1-9997-D008FE1C6CF0}"
EndProject
Global
	GlobalSection(SolutionConfigurationPlatforms) = preSolution
		Debug|x64 = Debug|x64
		Release|x64 = Release|x64
	EndGlobalSection
	GlobalSection(ProjectConfigurationPlatforms) = postSolution
		{2B6C853A-45C8-499C-A658-C38EBCA0494B}.Debug|x64.ActiveCfg = Debug|x64
		{2B6C853A-45C8-499C-A658-C38EBCA0494B}.Debug|x64.Build.0 = Debug|x64
		{2B6C853A-45C8-499C-A658-C38EBCA0494B}.Release|x64.ActiveCfg = Release|x64
		{2B6C853A-45C8-499C-A658-C38EBCA0494B}.Release|x64.Build.0 = Release|x64
		{01B1B92C-7313-4CF5-9761-E4A7F09C1245}.Debug|x64.ActiveCfg = Debug|x64
		{01B1B92C-7313-4CF5-9761-E4A7F09C1245}.Debug|x64.Build.0 = Debug|x64
		{01B1B92C-7313-4CF5-9761-E4A7F09C1245}.Release|x64.ActiveCfg = Release|x64
		{01B1B92C-7313-4CF5-9761-E4A7F09C1245}.Release|x64.Build.0 = Release|x64
		{2B8D4917-D36A-4EB1-9997-D008FE1C6CF0}.Debug|x64.ActiveCfg = Debug|x64
		{2B8D4917-D36A-4EB1-9997-D008FE1C6CF0}.Debug|x64.Build.0 = Debug|x64
		{2B8D4917-D36A-4EB1-9997-D008FE1C6CF0}.Release|x64.ActiveCfg = Release|x64
		{2B8D4917-D36A-4EB1-9997-D008FE1C6CF0}.Release|x64.Build.0 = Release|x64
	EndGlobalSection
	GlobalSection(SolutionProperties) = preSolution
		HideSolutionNode = FALSE
	EndGlobalSection
	GlobalSection(ExtensibilityGlobals) = postSolution
		SolutionGuid = {77AEABFD-FB7D-476E-8C73-9CFFF688987F}
	EndGlobalSection
EndGlobal
